
Microsoft Visual Studio Solution File, Format Version 12.00
# Visual Studio 15
VisualStudioVersion = 15.0.26730.12
MinimumVisualStudioVersion = 10.0.40219.1
Project("{FAE04EC0-301F-11D3-BF4B-00C04F79EFBC}") = "SportsStore", "SportsStore\SportsStore.csproj", "{B9DA5740-45DE-44A6-8B06-3F1D7A4BBE77}"
EndProject
Project("{FAE04EC0-301F-11D3-BF4B-00C04F79EFBC}") = "SportsStore.Tests", "SportsStore.Tests\SportsStore.Tests.csproj", "{6D1BBCA5-A4C2-42A4-BFC9-CD3D59280A85}"
EndProject
Global
	GlobalSection(SolutionConfigurationPlatforms) = preSolution
		Debug|Any CPU = Debug|Any CPU
		Release|Any CPU = Release|Any CPU
	EndGlobalSection
	GlobalSection(ProjectConfigurationPlatforms) = postSolution
		{B9DA5740-45DE-44A6-8B06-3F1D7A4BBE77}.Debug|Any CPU.ActiveCfg = Debug|Any CPU
		{B9DA5740-45DE-44A6-8B06-3F1D7A4BBE77}.Debug|Any CPU.Build.0 = Debug|Any CPU
		{B9DA5740-45DE-44A6-8B06-3F1D7A4BBE77}.Release|Any CPU.ActiveCfg = Release|Any CPU
		{B9DA5740-45DE-44A6-8B06-3F1D7A4BBE77}.Release|Any CPU.Build.0 = Release|Any CPU
		{6D1BBCA5-A4C2-42A4-BFC9-CD3D59280A85}.Debug|Any CPU.ActiveCfg = Debug|Any CPU
		{6D1BBCA5-A4C2-42A4-BFC9-CD3D59280A85}.Debug|Any CPU.Build.0 = Debug|Any CPU
		{6D1BBCA5-A4C2-42A4-BFC9-CD3D59280A85}.Release|Any CPU.ActiveCfg = Release|Any CPU
		{6D1BBCA5-A4C2-42A4-BFC9-CD3D59280A85}.Release|Any CPU.Build.0 = Release|Any CPU
	EndGlobalSection
	GlobalSection(SolutionProperties) = preSolution
		HideSolutionNode = FALSE
	EndGlobalSection
	GlobalSection(ExtensibilityGlobals) = postSolution
		SolutionGuid = {0406AF98-6F53-4BC8-B026-B7C59C397D64}
	EndGlobalSection
EndGlobal
